// !$*UTF8*$!
{
	archiveVersion = 1;
	classes = {
	};
	objectVersion = 56;
	objects = {

/* Begin PBXBuildFile section */
		520FFE0C2B6C447000B5DDBF /* ControlImageInterpolationExample.swift in Sources */ = {isa = PBXBuildFile; fileRef = 520FFE0B2B6C447000B5DDBF /* ControlImageInterpolationExample.swift */; };
		520FFE0E2B6C484D00B5DDBF /* ContextMenuExample.swift in Sources */ = {isa = PBXBuildFile; fileRef = 520FFE0D2B6C484D00B5DDBF /* ContextMenuExample.swift */; };
		5258B1D02B71700100B6B5A3 /* CustomRowSwipeActionExample.swift in Sources */ = {isa = PBXBuildFile; fileRef = 5258B1CF2B71700100B6B5A3 /* CustomRowSwipeActionExample.swift */; };
		5258B1D22B717F7400B6B5A3 /* LocalNotificationExample.swift in Sources */ = {isa = PBXBuildFile; fileRef = 5258B1D12B717F7400B6B5A3 /* LocalNotificationExample.swift */; };
		5258B1D42B718CD000B6B5A3 /* SwiftPackageDependenciesExample.swift in Sources */ = {isa = PBXBuildFile; fileRef = 5258B1D32B718CD000B6B5A3 /* SwiftPackageDependenciesExample.swift */; };
		5258B1D72B718E4500B6B5A3 /* SamplePackage in Frameworks */ = {isa = PBXBuildFile; productRef = 5258B1D62B718E4500B6B5A3 /* SamplePackage */; };
		5258B1D92B71933600B6B5A3 /* ProspectsView.swift in Sources */ = {isa = PBXBuildFile; fileRef = 5258B1D82B71933600B6B5A3 /* ProspectsView.swift */; };
		5258B1DB2B71934B00B6B5A3 /* MeView.swift in Sources */ = {isa = PBXBuildFile; fileRef = 5258B1DA2B71934B00B6B5A3 /* MeView.swift */; };
		5258B1DD2B7196AB00B6B5A3 /* Prosepct.swift in Sources */ = {isa = PBXBuildFile; fileRef = 5258B1DC2B7196AB00B6B5A3 /* Prosepct.swift */; };
		5258B1DF2B719E2100B6B5A3 /* AddProspect.swift in Sources */ = {isa = PBXBuildFile; fileRef = 5258B1DE2B719E2100B6B5A3 /* AddProspect.swift */; };
		5258B1FC2B72D0B600B6B5A3 /* CodeScanner in Frameworks */ = {isa = PBXBuildFile; productRef = 5258B1FB2B72D0B600B6B5A3 /* CodeScanner */; };
		5258B1FF2B72DEDB00B6B5A3 /* QRScannerView.swift in Sources */ = {isa = PBXBuildFile; fileRef = 5258B1FE2B72DEDB00B6B5A3 /* QRScannerView.swift */; };
		5258B2212B72F21500B6B5A3 /* SelectedProspectView.swift in Sources */ = {isa = PBXBuildFile; fileRef = 5258B2202B72F21500B6B5A3 /* SelectedProspectView.swift */; };
		5258B2232B7332EE00B6B5A3 /* ListVIewExample.swift in Sources */ = {isa = PBXBuildFile; fileRef = 5258B2222B7332EE00B6B5A3 /* ListVIewExample.swift */; };
		5259D99F2B6BF01300D86798 /* HotProspectsApp.swift in Sources */ = {isa = PBXBuildFile; fileRef = 5259D99E2B6BF01300D86798 /* HotProspectsApp.swift */; };
		5259D9A12B6BF01300D86798 /* ContentView.swift in Sources */ = {isa = PBXBuildFile; fileRef = 5259D9A02B6BF01300D86798 /* ContentView.swift */; };
		5259D9A32B6BF01600D86798 /* Assets.xcassets in Resources */ = {isa = PBXBuildFile; fileRef = 5259D9A22B6BF01600D86798 /* Assets.xcassets */; };
		5259D9A62B6BF01600D86798 /* Preview Assets.xcassets in Resources */ = {isa = PBXBuildFile; fileRef = 5259D9A52B6BF01600D86798 /* Preview Assets.xcassets */; };
		5259D9AD2B6BF19D00D86798 /* Launch Screen.storyboard in Resources */ = {isa = PBXBuildFile; fileRef = 5259D9AC2B6BF19D00D86798 /* Launch Screen.storyboard */; };
		5259D9B02B6C0B8500D86798 /* MultiSelectListViewExample.swift in Sources */ = {isa = PBXBuildFile; fileRef = 5259D9AF2B6C0B8500D86798 /* MultiSelectListViewExample.swift */; };
		5259D9B22B6C0F8A00D86798 /* SingleSelectListViewExample.swift in Sources */ = {isa = PBXBuildFile; fileRef = 5259D9B12B6C0F8A00D86798 /* SingleSelectListViewExample.swift */; };
		5259D9B42B6C12C600D86798 /* TabViewExample.swift in Sources */ = {isa = PBXBuildFile; fileRef = 5259D9B32B6C12C600D86798 /* TabViewExample.swift */; };
		5259D9B62B6C2FD800D86798 /* ResultTypeExample.swift in Sources */ = {isa = PBXBuildFile; fileRef = 5259D9B52B6C2FD800D86798 /* ResultTypeExample.swift */; };
/* End PBXBuildFile section */

/* Begin PBXFileReference section */
		520FFE0B2B6C447000B5DDBF /* ControlImageInterpolationExample.swift */ = {isa = PBXFileReference; lastKnownFileType = sourcecode.swift; path = ControlImageInterpolationExample.swift; sourceTree = "<group>"; };
		520FFE0D2B6C484D00B5DDBF /* ContextMenuExample.swift */ = {isa = PBXFileReference; lastKnownFileType = sourcecode.swift; path = ContextMenuExample.swift; sourceTree = "<group>"; };
		5258B1CF2B71700100B6B5A3 /* CustomRowSwipeActionExample.swift */ = {isa = PBXFileReference; lastKnownFileType = sourcecode.swift; path = CustomRowSwipeActionExample.swift; sourceTree = "<group>"; };
		5258B1D12B717F7400B6B5A3 /* LocalNotificationExample.swift */ = {isa = PBXFileReference; lastKnownFileType = sourcecode.swift; path = LocalNotificationExample.swift; sourceTree = "<group>"; };
		5258B1D32B718CD000B6B5A3 /* SwiftPackageDependenciesExample.swift */ = {isa = PBXFileReference; lastKnownFileType = sourcecode.swift; path = SwiftPackageDependenciesExample.swift; sourceTree = "<group>"; };
		5258B1D82B71933600B6B5A3 /* ProspectsView.swift */ = {isa = PBXFileReference; lastKnownFileType = sourcecode.swift; path = ProspectsView.swift; sourceTree = "<group>"; };
		5258B1DA2B71934B00B6B5A3 /* MeView.swift */ = {isa = PBXFileReference; lastKnownFileType = sourcecode.swift; path = MeView.swift; sourceTree = "<group>"; };
		5258B1DC2B7196AB00B6B5A3 /* Prosepct.swift */ = {isa = PBXFileReference; lastKnownFileType = sourcecode.swift; path = Prosepct.swift; sourceTree = "<group>"; };
		5258B1DE2B719E2100B6B5A3 /* AddProspect.swift */ = {isa = PBXFileReference; lastKnownFileType = sourcecode.swift; path = AddProspect.swift; sourceTree = "<group>"; };
		5258B1FD2B72D2DB00B6B5A3 /* Info.plist */ = {isa = PBXFileReference; lastKnownFileType = text.plist; path = Info.plist; sourceTree = "<group>"; };
		5258B1FE2B72DEDB00B6B5A3 /* QRScannerView.swift */ = {isa = PBXFileReference; lastKnownFileType = sourcecode.swift; path = QRScannerView.swift; sourceTree = "<group>"; };
		5258B2202B72F21500B6B5A3 /* SelectedProspectView.swift */ = {isa = PBXFileReference; lastKnownFileType = sourcecode.swift; path = SelectedProspectView.swift; sourceTree = "<group>"; };
		5258B2222B7332EE00B6B5A3 /* ListVIewExample.swift */ = {isa = PBXFileReference; lastKnownFileType = sourcecode.swift; path = ListVIewExample.swift; sourceTree = "<group>"; };
		5259D99B2B6BF01300D86798 /* HotProspects.app */ = {isa = PBXFileReference; explicitFileType = wrapper.application; includeInIndex = 0; path = HotProspects.app; sourceTree = BUILT_PRODUCTS_DIR; };
		5259D99E2B6BF01300D86798 /* HotProspectsApp.swift */ = {isa = PBXFileReference; lastKnownFileType = sourcecode.swift; path = HotProspectsApp.swift; sourceTree = "<group>"; };
		5259D9A02B6BF01300D86798 /* ContentView.swift */ = {isa = PBXFileReference; lastKnownFileType = sourcecode.swift; path = ContentView.swift; sourceTree = "<group>"; };
		5259D9A22B6BF01600D86798 /* Assets.xcassets */ = {isa = PBXFileReference; lastKnownFileType = folder.assetcatalog; path = Assets.xcassets; sourceTree = "<group>"; };
		5259D9A52B6BF01600D86798 /* Preview Assets.xcassets */ = {isa = PBXFileReference; lastKnownFileType = folder.assetcatalog; path = "Preview Assets.xcassets"; sourceTree = "<group>"; };
		5259D9AC2B6BF19D00D86798 /* Launch Screen.storyboard */ = {isa = PBXFileReference; lastKnownFileType = file.storyboard; path = "Launch Screen.storyboard"; sourceTree = "<group>"; };
		5259D9AF2B6C0B8500D86798 /* MultiSelectListViewExample.swift */ = {isa = PBXFileReference; lastKnownFileType = sourcecode.swift; path = MultiSelectListViewExample.swift; sourceTree = "<group>"; };
		5259D9B12B6C0F8A00D86798 /* SingleSelectListViewExample.swift */ = {isa = PBXFileReference; lastKnownFileType = sourcecode.swift; path = SingleSelectListViewExample.swift; sourceTree = "<group>"; };
		5259D9B32B6C12C600D86798 /* TabViewExample.swift */ = {isa = PBXFileReference; lastKnownFileType = sourcecode.swift; path = TabViewExample.swift; sourceTree = "<group>"; };
		5259D9B52B6C2FD800D86798 /* ResultTypeExample.swift */ = {isa = PBXFileReference; lastKnownFileType = sourcecode.swift; path = ResultTypeExample.swift; sourceTree = "<group>"; };
/* End PBXFileReference section */

/* Begin PBXFrameworksBuildPhase section */
		5259D9982B6BF01300D86798 /* Frameworks */ = {
			isa = PBXFrameworksBuildPhase;
			buildActionMask = 2147483647;
			files = (
				5258B1FC2B72D0B600B6B5A3 /* CodeScanner in Frameworks */,
				5258B1D72B718E4500B6B5A3 /* SamplePackage in Frameworks */,
			);
			runOnlyForDeploymentPostprocessing = 0;
		};
/* End PBXFrameworksBuildPhase section */

/* Begin PBXGroup section */
		5259D9922B6BF01300D86798 = {
			isa = PBXGroup;
			children = (
				5259D99D2B6BF01300D86798 /* HotProspects */,
				5259D99C2B6BF01300D86798 /* Products */,
			);
			sourceTree = "<group>";
		};
		5259D99C2B6BF01300D86798 /* Products */ = {
			isa = PBXGroup;
			children = (
				5259D99B2B6BF01300D86798 /* HotProspects.app */,
			);
			name = Products;
			sourceTree = "<group>";
		};
		5259D99D2B6BF01300D86798 /* HotProspects */ = {
			isa = PBXGroup;
			children = (
				5258B1FD2B72D2DB00B6B5A3 /* Info.plist */,
				5259D99E2B6BF01300D86798 /* HotProspectsApp.swift */,
				5259D9A02B6BF01300D86798 /* ContentView.swift */,
				5258B1D82B71933600B6B5A3 /* ProspectsView.swift */,
				5258B1DC2B7196AB00B6B5A3 /* Prosepct.swift */,
				5258B1DE2B719E2100B6B5A3 /* AddProspect.swift */,
				5258B2202B72F21500B6B5A3 /* SelectedProspectView.swift */,
				5258B1DA2B71934B00B6B5A3 /* MeView.swift */,
				5258B1FE2B72DEDB00B6B5A3 /* QRScannerView.swift */,
				5259D9AE2B6C0B6B00D86798 /* TutorialFiles */,
				5259D9AC2B6BF19D00D86798 /* Launch Screen.storyboard */,
				5259D9A22B6BF01600D86798 /* Assets.xcassets */,
				5259D9A42B6BF01600D86798 /* Preview Content */,
			);
			path = HotProspects;
			sourceTree = "<group>";
		};
		5259D9A42B6BF01600D86798 /* Preview Content */ = {
			isa = PBXGroup;
			children = (
				5259D9A52B6BF01600D86798 /* Preview Assets.xcassets */,
			);
			path = "Preview Content";
			sourceTree = "<group>";
		};
		5259D9AE2B6C0B6B00D86798 /* TutorialFiles */ = {
			isa = PBXGroup;
			children = (
				5258B2222B7332EE00B6B5A3 /* ListVIewExample.swift */,
				5259D9AF2B6C0B8500D86798 /* MultiSelectListViewExample.swift */,
				5259D9B12B6C0F8A00D86798 /* SingleSelectListViewExample.swift */,
				5259D9B32B6C12C600D86798 /* TabViewExample.swift */,
				5259D9B52B6C2FD800D86798 /* ResultTypeExample.swift */,
				520FFE0B2B6C447000B5DDBF /* ControlImageInterpolationExample.swift */,
				520FFE0D2B6C484D00B5DDBF /* ContextMenuExample.swift */,
				5258B1CF2B71700100B6B5A3 /* CustomRowSwipeActionExample.swift */,
				5258B1D12B717F7400B6B5A3 /* LocalNotificationExample.swift */,
				5258B1D32B718CD000B6B5A3 /* SwiftPackageDependenciesExample.swift */,
			);
			path = TutorialFiles;
			sourceTree = "<group>";
		};
/* End PBXGroup section */

/* Begin PBXNativeTarget section */
		5259D99A2B6BF01300D86798 /* HotProspects */ = {
			isa = PBXNativeTarget;
			buildConfigurationList = 5259D9A92B6BF01600D86798 /* Build configuration list for PBXNativeTarget "HotProspects" */;
			buildPhases = (
				5259D9972B6BF01300D86798 /* Sources */,
				5259D9982B6BF01300D86798 /* Frameworks */,
				5259D9992B6BF01300D86798 /* Resources */,
			);
			buildRules = (
			);
			dependencies = (
			);
			name = HotProspects;
			packageProductDependencies = (
				5258B1D62B718E4500B6B5A3 /* SamplePackage */,
				5258B1FB2B72D0B600B6B5A3 /* CodeScanner */,
			);
			productName = HotProspects;
			productReference = 5259D99B2B6BF01300D86798 /* HotProspects.app */;
			productType = "com.apple.product-type.application";
		};
/* End PBXNativeTarget section */

/* Begin PBXProject section */
		5259D9932B6BF01300D86798 /* Project object */ = {
			isa = PBXProject;
			attributes = {
				BuildIndependentTargetsInParallel = 1;
				LastSwiftUpdateCheck = 1520;
				LastUpgradeCheck = 1520;
				TargetAttributes = {
					5259D99A2B6BF01300D86798 = {
						CreatedOnToolsVersion = 15.2;
					};
				};
			};
			buildConfigurationList = 5259D9962B6BF01300D86798 /* Build configuration list for PBXProject "HotProspects" */;
			compatibilityVersion = "Xcode 14.0";
			developmentRegion = en;
			hasScannedForEncodings = 0;
			knownRegions = (
				en,
				Base,
			);
			mainGroup = 5259D9922B6BF01300D86798;
			packageReferences = (
				5258B1D52B718E4500B6B5A3 /* XCRemoteSwiftPackageReference "SamplePackage" */,
				5258B1FA2B72D0B600B6B5A3 /* XCRemoteSwiftPackageReference "CodeScanner" */,
			);
			productRefGroup = 5259D99C2B6BF01300D86798 /* Products */;
			projectDirPath = "";
			projectRoot = "";
			targets = (
				5259D99A2B6BF01300D86798 /* HotProspects */,
			);
		};
/* End PBXProject section */

/* Begin PBXResourcesBuildPhase section */
		5259D9992B6BF01300D86798 /* Resources */ = {
			isa = PBXResourcesBuildPhase;
			buildActionMask = 2147483647;
			files = (
				5259D9AD2B6BF19D00D86798 /* Launch Screen.storyboard in Resources */,
				5259D9A62B6BF01600D86798 /* Preview Assets.xcassets in Resources */,
				5259D9A32B6BF01600D86798 /* Assets.xcassets in Resources */,
			);
			runOnlyForDeploymentPostprocessing = 0;
		};
/* End PBXResourcesBuildPhase section */

/* Begin PBXSourcesBuildPhase section */
		5259D9972B6BF01300D86798 /* Sources */ = {
			isa = PBXSourcesBuildPhase;
			buildActionMask = 2147483647;
			files = (
				5258B1D92B71933600B6B5A3 /* ProspectsView.swift in Sources */,
				5258B2232B7332EE00B6B5A3 /* ListVIewExample.swift in Sources */,
				520FFE0C2B6C447000B5DDBF /* ControlImageInterpolationExample.swift in Sources */,
				520FFE0E2B6C484D00B5DDBF /* ContextMenuExample.swift in Sources */,
				5259D9A12B6BF01300D86798 /* ContentView.swift in Sources */,
				5259D9B02B6C0B8500D86798 /* MultiSelectListViewExample.swift in Sources */,
				5258B1D02B71700100B6B5A3 /* CustomRowSwipeActionExample.swift in Sources */,
				5258B2212B72F21500B6B5A3 /* SelectedProspectView.swift in Sources */,
				5258B1FF2B72DEDB00B6B5A3 /* QRScannerView.swift in Sources */,
				5258B1D22B717F7400B6B5A3 /* LocalNotificationExample.swift in Sources */,
				5258B1DF2B719E2100B6B5A3 /* AddProspect.swift in Sources */,
				5259D99F2B6BF01300D86798 /* HotProspectsApp.swift in Sources */,
				5258B1D42B718CD000B6B5A3 /* SwiftPackageDependenciesExample.swift in Sources */,
				5259D9B62B6C2FD800D86798 /* ResultTypeExample.swift in Sources */,
				5259D9B22B6C0F8A00D86798 /* SingleSelectListViewExample.swift in Sources */,
				5258B1DD2B7196AB00B6B5A3 /* Prosepct.swift in Sources */,
				5259D9B42B6C12C600D86798 /* TabViewExample.swift in Sources */,
				5258B1DB2B71934B00B6B5A3 /* MeView.swift in Sources */,
			);
			runOnlyForDeploymentPostprocessing = 0;
		};
/* End PBXSourcesBuildPhase section */

/* Begin XCBuildConfiguration section */
		5259D9A72B6BF01600D86798 /* Debug */ = {
			isa = XCBuildConfiguration;
			buildSettings = {
				ALWAYS_SEARCH_USER_PATHS = NO;
				ASSETCATALOG_COMPILER_GENERATE_SWIFT_ASSET_SYMBOL_EXTENSIONS = YES;
				CLANG_ANALYZER_NONNULL = YES;
				CLANG_ANALYZER_NUMBER_OBJECT_CONVERSION = YES_AGGRESSIVE;
				CLANG_CXX_LANGUAGE_STANDARD = "gnu++20";
				CLANG_ENABLE_MODULES = YES;
				CLANG_ENABLE_OBJC_ARC = YES;
				CLANG_ENABLE_OBJC_WEAK = YES;
				CLANG_WARN_BLOCK_CAPTURE_AUTORELEASING = YES;
				CLANG_WARN_BOOL_CONVERSION = YES;
				CLANG_WARN_COMMA = YES;
				CLANG_WARN_CONSTANT_CONVERSION = YES;
				CLANG_WARN_DEPRECATED_OBJC_IMPLEMENTATIONS = YES;
				CLANG_WARN_DIRECT_OBJC_ISA_USAGE = YES_ERROR;
				CLANG_WARN_DOCUMENTATION_COMMENTS = YES;
				CLANG_WARN_EMPTY_BODY = YES;
				CLANG_WARN_ENUM_CONVERSION = YES;
				CLANG_WARN_INFINITE_RECURSION = YES;
				CLANG_WARN_INT_CONVERSION = YES;
				CLANG_WARN_NON_LITERAL_NULL_CONVERSION = YES;
				CLANG_WARN_OBJC_IMPLICIT_RETAIN_SELF = YES;
				CLANG_WARN_OBJC_LITERAL_CONVERSION = YES;
				CLANG_WARN_OBJC_ROOT_CLASS = YES_ERROR;
				CLANG_WARN_QUOTED_INCLUDE_IN_FRAMEWORK_HEADER = YES;
				CLANG_WARN_RANGE_LOOP_ANALYSIS = YES;
				CLANG_WARN_STRICT_PROTOTYPES = YES;
				CLANG_WARN_SUSPICIOUS_MOVE = YES;
				CLANG_WARN_UNGUARDED_AVAILABILITY = YES_AGGRESSIVE;
				CLANG_WARN_UNREACHABLE_CODE = YES;
				CLANG_WARN__DUPLICATE_METHOD_MATCH = YES;
				COPY_PHASE_STRIP = NO;
				DEBUG_INFORMATION_FORMAT = dwarf;
				ENABLE_STRICT_OBJC_MSGSEND = YES;
				ENABLE_TESTABILITY = YES;
				ENABLE_USER_SCRIPT_SANDBOXING = YES;
				GCC_C_LANGUAGE_STANDARD = gnu17;
				GCC_DYNAMIC_NO_PIC = NO;
				GCC_NO_COMMON_BLOCKS = YES;
				GCC_OPTIMIZATION_LEVEL = 0;
				GCC_PREPROCESSOR_DEFINITIONS = (
					"DEBUG=1",
					"$(inherited)",
				);
				GCC_WARN_64_TO_32_BIT_CONVERSION = YES;
				GCC_WARN_ABOUT_RETURN_TYPE = YES_ERROR;
				GCC_WARN_UNDECLARED_SELECTOR = YES;
				GCC_WARN_UNINITIALIZED_AUTOS = YES_AGGRESSIVE;
				GCC_WARN_UNUSED_FUNCTION = YES;
				GCC_WARN_UNUSED_VARIABLE = YES;
				IPHONEOS_DEPLOYMENT_TARGET = 17.2;
				LOCALIZATION_PREFERS_STRING_CATALOGS = YES;
				MTL_ENABLE_DEBUG_INFO = INCLUDE_SOURCE;
				MTL_FAST_MATH = YES;
				ONLY_ACTIVE_ARCH = YES;
				SDKROOT = iphoneos;
				SWIFT_ACTIVE_COMPILATION_CONDITIONS = "DEBUG $(inherited)";
				SWIFT_OPTIMIZATION_LEVEL = "-Onone";
			};
			name = Debug;
		};
		5259D9A82B6BF01600D86798 /* Release */ = {
			isa = XCBuildConfiguration;
			buildSettings = {
				ALWAYS_SEARCH_USER_PATHS = NO;
				ASSETCATALOG_COMPILER_GENERATE_SWIFT_ASSET_SYMBOL_EXTENSIONS = YES;
				CLANG_ANALYZER_NONNULL = YES;
				CLANG_ANALYZER_NUMBER_OBJECT_CONVERSION = YES_AGGRESSIVE;
				CLANG_CXX_LANGUAGE_STANDARD = "gnu++20";
				CLANG_ENABLE_MODULES = YES;
				CLANG_ENABLE_OBJC_ARC = YES;
				CLANG_ENABLE_OBJC_WEAK = YES;
				CLANG_WARN_BLOCK_CAPTURE_AUTORELEASING = YES;
				CLANG_WARN_BOOL_CONVERSION = YES;
				CLANG_WARN_COMMA = YES;
				CLANG_WARN_CONSTANT_CONVERSION = YES;
				CLANG_WARN_DEPRECATED_OBJC_IMPLEMENTATIONS = YES;
				CLANG_WARN_DIRECT_OBJC_ISA_USAGE = YES_ERROR;
				CLANG_WARN_DOCUMENTATION_COMMENTS = YES;
				CLANG_WARN_EMPTY_BODY = YES;
				CLANG_WARN_ENUM_CONVERSION = YES;
				CLANG_WARN_INFINITE_RECURSION = YES;
				CLANG_WARN_INT_CONVERSION = YES;
				CLANG_WARN_NON_LITERAL_NULL_CONVERSION = YES;
				CLANG_WARN_OBJC_IMPLICIT_RETAIN_SELF = YES;
				CLANG_WARN_OBJC_LITERAL_CONVERSION = YES;
				CLANG_WARN_OBJC_ROOT_CLASS = YES_ERROR;
				CLANG_WARN_QUOTED_INCLUDE_IN_FRAMEWORK_HEADER = YES;
				CLANG_WARN_RANGE_LOOP_ANALYSIS = YES;
				CLANG_WARN_STRICT_PROTOTYPES = YES;
				CLANG_WARN_SUSPICIOUS_MOVE = YES;
				CLANG_WARN_UNGUARDED_AVAILABILITY = YES_AGGRESSIVE;
				CLANG_WARN_UNREACHABLE_CODE = YES;
				CLANG_WARN__DUPLICATE_METHOD_MATCH = YES;
				COPY_PHASE_STRIP = NO;
				DEBUG_INFORMATION_FORMAT = "dwarf-with-dsym";
				ENABLE_NS_ASSERTIONS = NO;
				ENABLE_STRICT_OBJC_MSGSEND = YES;
				ENABLE_USER_SCRIPT_SANDBOXING = YES;
				GCC_C_LANGUAGE_STANDARD = gnu17;
				GCC_NO_COMMON_BLOCKS = YES;
				GCC_WARN_64_TO_32_BIT_CONVERSION = YES;
				GCC_WARN_ABOUT_RETURN_TYPE = YES_ERROR;
				GCC_WARN_UNDECLARED_SELECTOR = YES;
				GCC_WARN_UNINITIALIZED_AUTOS = YES_AGGRESSIVE;
				GCC_WARN_UNUSED_FUNCTION = YES;
				GCC_WARN_UNUSED_VARIABLE = YES;
				IPHONEOS_DEPLOYMENT_TARGET = 17.2;
				LOCALIZATION_PREFERS_STRING_CATALOGS = YES;
				MTL_ENABLE_DEBUG_INFO = NO;
				MTL_FAST_MATH = YES;
				SDKROOT = iphoneos;
				SWIFT_COMPILATION_MODE = wholemodule;
				VALIDATE_PRODUCT = YES;
			};
			name = Release;
		};
		5259D9AA2B6BF01600D86798 /* Debug */ = {
			isa = XCBuildConfiguration;
			buildSettings = {
				ASSETCATALOG_COMPILER_APPICON_NAME = AppIcon;
				ASSETCATALOG_COMPILER_GLOBAL_ACCENT_COLOR_NAME = AccentColor;
				CODE_SIGN_STYLE = Automatic;
				CURRENT_PROJECT_VERSION = 1;
				DEVELOPMENT_ASSET_PATHS = "\"HotProspects/Preview Content\"";
				DEVELOPMENT_TEAM = 5G39MTZYS5;
				ENABLE_PREVIEWS = YES;
				GENERATE_INFOPLIST_FILE = YES;
				INFOPLIST_FILE = HotProspects/Info.plist;
				INFOPLIST_KEY_NSCameraUsageDescription = "We need to scan QR codes";
				INFOPLIST_KEY_UIApplicationSceneManifest_Generation = YES;
				INFOPLIST_KEY_UIApplicationSupportsIndirectInputEvents = YES;
				INFOPLIST_KEY_UILaunchScreen_Generation = YES;
				INFOPLIST_KEY_UILaunchStoryboardName = "Launch Screen.storyboard";
				INFOPLIST_KEY_UISupportedInterfaceOrientations_iPad = "UIInterfaceOrientationPortrait UIInterfaceOrientationPortraitUpsideDown UIInterfaceOrientationLandscapeLeft UIInterfaceOrientationLandscapeRight";
				INFOPLIST_KEY_UISupportedInterfaceOrientations_iPhone = "UIInterfaceOrientationPortrait UIInterfaceOrientationLandscapeLeft UIInterfaceOrientationLandscapeRight";
				LD_RUNPATH_SEARCH_PATHS = (
					"$(inherited)",
					"@executable_path/Frameworks",
				);
				MARKETING_VERSION = 1.0;
				PRODUCT_BUNDLE_IDENTIFIER = com.personal.HotProspects;
				PRODUCT_NAME = "$(TARGET_NAME)";
				SWIFT_EMIT_LOC_STRINGS = YES;
				SWIFT_VERSION = 5.0;
				TARGETED_DEVICE_FAMILY = "1,2";
			};
			name = Debug;
		};
		5259D9AB2B6BF01600D86798 /* Release */ = {
			isa = XCBuildConfiguration;
			buildSettings = {
				ASSETCATALOG_COMPILER_APPICON_NAME = AppIcon;
				ASSETCATALOG_COMPILER_GLOBAL_ACCENT_COLOR_NAME = AccentColor;
				CODE_SIGN_STYLE = Automatic;
				CURRENT_PROJECT_VERSION = 1;
				DEVELOPMENT_ASSET_PATHS = "\"HotProspects/Preview Content\"";
				DEVELOPMENT_TEAM = 5G39MTZYS5;
				ENABLE_PREVIEWS = YES;
				GENERATE_INFOPLIST_FILE = YES;
				INFOPLIST_FILE = HotProspects/Info.plist;
				INFOPLIST_KEY_NSCameraUsageDescription = "We need to scan QR codes";
				INFOPLIST_KEY_UIApplicationSceneManifest_Generation = YES;
				INFOPLIST_KEY_UIApplicationSupportsIndirectInputEvents = YES;
				INFOPLIST_KEY_UILaunchScreen_Generation = YES;
				INFOPLIST_KEY_UILaunchStoryboardName = "Launch Screen.storyboard";
				INFOPLIST_KEY_UISupportedInterfaceOrientations_iPad = "UIInterfaceOrientationPortrait UIInterfaceOrientationPortraitUpsideDown UIInterfaceOrientationLandscapeLeft UIInterfaceOrientationLandscapeRight";
				INFOPLIST_KEY_UISupportedInterfaceOrientations_iPhone = "UIInterfaceOrientationPortrait UIInterfaceOrientationLandscapeLeft UIInterfaceOrientationLandscapeRight";
				LD_RUNPATH_SEARCH_PATHS = (
					"$(inherited)",
					"@executable_path/Frameworks",
				);
				MARKETING_VERSION = 1.0;
				PRODUCT_BUNDLE_IDENTIFIER = com.personal.HotProspects;
				PRODUCT_NAME = "$(TARGET_NAME)";
				SWIFT_EMIT_LOC_STRINGS = YES;
				SWIFT_VERSION = 5.0;
				TARGETED_DEVICE_FAMILY = "1,2";
			};
			name = Release;
		};
/* End XCBuildConfiguration section */

/* Begin XCConfigurationList section */
		5259D9962B6BF01300D86798 /* Build configuration list for PBXProject "HotProspects" */ = {
			isa = XCConfigurationList;
			buildConfigurations = (
				5259D9A72B6BF01600D86798 /* Debug */,
				5259D9A82B6BF01600D86798 /* Release */,
			);
			defaultConfigurationIsVisible = 0;
			defaultConfigurationName = Release;
		};
		5259D9A92B6BF01600D86798 /* Build configuration list for PBXNativeTarget "HotProspects" */ = {
			isa = XCConfigurationList;
			buildConfigurations = (
				5259D9AA2B6BF01600D86798 /* Debug */,
				5259D9AB2B6BF01600D86798 /* Release */,
			);
			defaultConfigurationIsVisible = 0;
			defaultConfigurationName = Release;
		};
/* End XCConfigurationList section */

/* Begin XCRemoteSwiftPackageReference section */
		5258B1D52B718E4500B6B5A3 /* XCRemoteSwiftPackageReference "SamplePackage" */ = {
			isa = XCRemoteSwiftPackageReference;
			repositoryURL = "https://github.com/twostraws/SamplePackage";
			requirement = {
				kind = upToNextMajorVersion;
				minimumVersion = 1.0.0;
			};
		};
		5258B1FA2B72D0B600B6B5A3 /* XCRemoteSwiftPackageReference "CodeScanner" */ = {
			isa = XCRemoteSwiftPackageReference;
			repositoryURL = "https://github.com/twostraws/CodeScanner";
			requirement = {
				kind = upToNextMajorVersion;
				minimumVersion = 2.3.3;
			};
		};
/* End XCRemoteSwiftPackageReference section */

/* Begin XCSwiftPackageProductDependency section */
		5258B1D62B718E4500B6B5A3 /* SamplePackage */ = {
			isa = XCSwiftPackageProductDependency;
			package = 5258B1D52B718E4500B6B5A3 /* XCRemoteSwiftPackageReference "SamplePackage" */;
			productName = SamplePackage;
		};
		5258B1FB2B72D0B600B6B5A3 /* CodeScanner */ = {
			isa = XCSwiftPackageProductDependency;
			package = 5258B1FA2B72D0B600B6B5A3 /* XCRemoteSwiftPackageReference "CodeScanner" */;
			productName = CodeScanner;
		};
/* End XCSwiftPackageProductDependency section */
	};
	rootObject = 5259D9932B6BF01300D86798 /* Project object */;
}
